
Microsoft Visual Studio Solution File, Format Version 12.00
# Visual Studio Version 16
VisualStudioVersion = 16.0.31402.337
MinimumVisualStudioVersion = 10.0.40219.1
Project("{9A19103F-16F7-4668-BE54-9A1E7A4F7556}") = "StayFit.Data", "StayFit.Data\StayFit.Data.csproj", "{B0216608-3AF2-427E-B7D0-7741AAC23913}"
EndProject
Project("{FAE04EC0-301F-11D3-BF4B-00C04F79EFBC}") = "StayFit.Web", "StayFit.Web\StayFit.Web.csproj", "{60434B4A-564D-4CD5-8D16-37C5E0062C82}"
EndProject
Global
	GlobalSection(SolutionConfigurationPlatforms) = preSolution
		Debug|Any CPU = Debug|Any CPU
		Release|Any CPU = Release|Any CPU
	EndGlobalSection
	GlobalSection(ProjectConfigurationPlatforms) = postSolution
		{B0216608-3AF2-427E-B7D0-7741AAC23913}.Debug|Any CPU.ActiveCfg = Debug|Any CPU
		{B0216608-3AF2-427E-B7D0-7741AAC23913}.Debug|Any CPU.Build.0 = Debug|Any CPU
		{B0216608-3AF2-427E-B7D0-7741AAC23913}.Release|Any CPU.ActiveCfg = Release|Any CPU
		{B0216608-3AF2-427E-B7D0-7741AAC23913}.Release|Any CPU.Build.0 = Release|Any CPU
		{60434B4A-564D-4CD5-8D16-37C5E0062C82}.Debug|Any CPU.ActiveCfg = Debug|Any CPU
		{60434B4A-564D-4CD5-8D16-37C5E0062C82}.Debug|Any CPU.Build.0 = Debug|Any CPU
		{60434B4A-564D-4CD5-8D16-37C5E0062C82}.Release|Any CPU.ActiveCfg = Release|Any CPU
		{60434B4A-564D-4CD5-8D16-37C5E0062C82}.Release|Any CPU.Build.0 = Release|Any CPU
	EndGlobalSection
	GlobalSection(SolutionProperties) = preSolution
		HideSolutionNode = FALSE
	EndGlobalSection
	GlobalSection(ExtensibilityGlobals) = postSolution
		SolutionGuid = {70FD8B1F-D4B3-4209-B919-065F09610146}
	EndGlobalSection
EndGlobal
